// !$*UTF8*$!
{
	archiveVersion = 1;
	classes = {
	};
	objectVersion = 56;
	objects = {

/* Begin PBXBuildFile section */
		774B01D729019DCF00456853 /* UIFont+CustomFont.swift in Sources */ = {isa = PBXBuildFile; fileRef = 774B01D629019DCF00456853 /* UIFont+CustomFont.swift */; };
		774B01DB2902F0AD00456853 /* SettingsViewController.swift in Sources */ = {isa = PBXBuildFile; fileRef = 774B01DA2902F0AD00456853 /* SettingsViewController.swift */; };
		775D49AA2906F54F00FE4A59 /* SetTheme.swift in Sources */ = {isa = PBXBuildFile; fileRef = 775D49A92906F54F00FE4A59 /* SetTheme.swift */; };
		7765D73329086A8900430F30 /* TimerTimesListViewController.swift in Sources */ = {isa = PBXBuildFile; fileRef = 7765D73229086A8900430F30 /* TimerTimesListViewController.swift */; };
		7765D735290AE0E100430F30 /* SetTimerViewController.swift in Sources */ = {isa = PBXBuildFile; fileRef = 7765D734290AE0E100430F30 /* SetTimerViewController.swift */; };
		7765D737290B1CB700430F30 /* SettingsTableViewController.swift in Sources */ = {isa = PBXBuildFile; fileRef = 7765D736290B1CB700430F30 /* SettingsTableViewController.swift */; };
		77CBB46129014BF000A4D3B0 /* AppDelegate.swift in Sources */ = {isa = PBXBuildFile; fileRef = 77CBB46029014BF000A4D3B0 /* AppDelegate.swift */; };
		77CBB46329014BF000A4D3B0 /* SceneDelegate.swift in Sources */ = {isa = PBXBuildFile; fileRef = 77CBB46229014BF000A4D3B0 /* SceneDelegate.swift */; };
		77CBB46529014BF000A4D3B0 /* ViewController.swift in Sources */ = {isa = PBXBuildFile; fileRef = 77CBB46429014BF000A4D3B0 /* ViewController.swift */; };
		77CBB46A29014BF200A4D3B0 /* Assets.xcassets in Resources */ = {isa = PBXBuildFile; fileRef = 77CBB46929014BF200A4D3B0 /* Assets.xcassets */; };
		77CBB46D29014BF200A4D3B0 /* LaunchScreen.storyboard in Resources */ = {isa = PBXBuildFile; fileRef = 77CBB46B29014BF200A4D3B0 /* LaunchScreen.storyboard */; };
/* End PBXBuildFile section */

/* Begin PBXFileReference section */
		774B01D629019DCF00456853 /* UIFont+CustomFont.swift */ = {isa = PBXFileReference; lastKnownFileType = sourcecode.swift; path = "UIFont+CustomFont.swift"; sourceTree = "<group>"; };
		774B01DA2902F0AD00456853 /* SettingsViewController.swift */ = {isa = PBXFileReference; lastKnownFileType = sourcecode.swift; path = SettingsViewController.swift; sourceTree = "<group>"; };
		775D49A92906F54F00FE4A59 /* SetTheme.swift */ = {isa = PBXFileReference; lastKnownFileType = sourcecode.swift; path = SetTheme.swift; sourceTree = "<group>"; };
		7765D73229086A8900430F30 /* TimerTimesListViewController.swift */ = {isa = PBXFileReference; lastKnownFileType = sourcecode.swift; path = TimerTimesListViewController.swift; sourceTree = "<group>"; };
		7765D734290AE0E100430F30 /* SetTimerViewController.swift */ = {isa = PBXFileReference; lastKnownFileType = sourcecode.swift; path = SetTimerViewController.swift; sourceTree = "<group>"; };
		7765D736290B1CB700430F30 /* SettingsTableViewController.swift */ = {isa = PBXFileReference; lastKnownFileType = sourcecode.swift; path = SettingsTableViewController.swift; sourceTree = "<group>"; };
		77CBB45D29014BF000A4D3B0 /* MeditationTimer.app */ = {isa = PBXFileReference; explicitFileType = wrapper.application; includeInIndex = 0; path = MeditationTimer.app; sourceTree = BUILT_PRODUCTS_DIR; };
		77CBB46029014BF000A4D3B0 /* AppDelegate.swift */ = {isa = PBXFileReference; lastKnownFileType = sourcecode.swift; path = AppDelegate.swift; sourceTree = "<group>"; };
		77CBB46229014BF000A4D3B0 /* SceneDelegate.swift */ = {isa = PBXFileReference; lastKnownFileType = sourcecode.swift; path = SceneDelegate.swift; sourceTree = "<group>"; };
		77CBB46429014BF000A4D3B0 /* ViewController.swift */ = {isa = PBXFileReference; lastKnownFileType = sourcecode.swift; path = ViewController.swift; sourceTree = "<group>"; };
		77CBB46929014BF200A4D3B0 /* Assets.xcassets */ = {isa = PBXFileReference; lastKnownFileType = folder.assetcatalog; path = Assets.xcassets; sourceTree = "<group>"; };
		77CBB46C29014BF200A4D3B0 /* Base */ = {isa = PBXFileReference; lastKnownFileType = file.storyboard; name = Base; path = Base.lproj/LaunchScreen.storyboard; sourceTree = "<group>"; };
		77CBB46E29014BF200A4D3B0 /* Info.plist */ = {isa = PBXFileReference; lastKnownFileType = text.plist.xml; path = Info.plist; sourceTree = "<group>"; };
/* End PBXFileReference section */

/* Begin PBXFrameworksBuildPhase section */
		77CBB45A29014BF000A4D3B0 /* Frameworks */ = {
			isa = PBXFrameworksBuildPhase;
			buildActionMask = 2147483647;
			files = (
			);
			runOnlyForDeploymentPostprocessing = 0;
		};
/* End PBXFrameworksBuildPhase section */

/* Begin PBXGroup section */
		774B01DC2902FDF200456853 /* Settings */ = {
			isa = PBXGroup;
			children = (
				774B01DA2902F0AD00456853 /* SettingsViewController.swift */,
				7765D734290AE0E100430F30 /* SetTimerViewController.swift */,
				7765D736290B1CB700430F30 /* SettingsTableViewController.swift */,
			);
			path = Settings;
			sourceTree = "<group>";
		};
		77CBB45429014BF000A4D3B0 = {
			isa = PBXGroup;
			children = (
				77CBB45F29014BF000A4D3B0 /* MeditationTimer */,
				77CBB45E29014BF000A4D3B0 /* Products */,
			);
			sourceTree = "<group>";
		};
		77CBB45E29014BF000A4D3B0 /* Products */ = {
			isa = PBXGroup;
			children = (
				77CBB45D29014BF000A4D3B0 /* MeditationTimer.app */,
			);
			name = Products;
			sourceTree = "<group>";
		};
		77CBB45F29014BF000A4D3B0 /* MeditationTimer */ = {
			isa = PBXGroup;
			children = (
				77CBB46429014BF000A4D3B0 /* ViewController.swift */,
				7765D73229086A8900430F30 /* TimerTimesListViewController.swift */,
				775D49A92906F54F00FE4A59 /* SetTheme.swift */,
				77CBB46929014BF200A4D3B0 /* Assets.xcassets */,
				77CBB47429014C9000A4D3B0 /* Supporting Files */,
				77CBB46E29014BF200A4D3B0 /* Info.plist */,
				774B01DC2902FDF200456853 /* Settings */,
			);
			path = MeditationTimer;
			sourceTree = "<group>";
		};
		77CBB47429014C9000A4D3B0 /* Supporting Files */ = {
			isa = PBXGroup;
			children = (
				77CBB46029014BF000A4D3B0 /* AppDelegate.swift */,
				77CBB46229014BF000A4D3B0 /* SceneDelegate.swift */,
				77CBB46B29014BF200A4D3B0 /* LaunchScreen.storyboard */,
				774B01D629019DCF00456853 /* UIFont+CustomFont.swift */,
			);
			path = "Supporting Files";
			sourceTree = "<group>";
		};
/* End PBXGroup section */

/* Begin PBXNativeTarget section */
		77CBB45C29014BF000A4D3B0 /* MeditationTimer */ = {
			isa = PBXNativeTarget;
			buildConfigurationList = 77CBB47129014BF200A4D3B0 /* Build configuration list for PBXNativeTarget "MeditationTimer" */;
			buildPhases = (
				77CBB45929014BF000A4D3B0 /* Sources */,
				77CBB45A29014BF000A4D3B0 /* Frameworks */,
				77CBB45B29014BF000A4D3B0 /* Resources */,
			);
			buildRules = (
			);
			dependencies = (
			);
			name = MeditationTimer;
			productName = MeditationTimer;
			productReference = 77CBB45D29014BF000A4D3B0 /* MeditationTimer.app */;
			productType = "com.apple.product-type.application";
		};
/* End PBXNativeTarget section */

/* Begin PBXProject section */
		77CBB45529014BF000A4D3B0 /* Project object */ = {
			isa = PBXProject;
			attributes = {
				BuildIndependentTargetsInParallel = 1;
				LastSwiftUpdateCheck = 1400;
				LastUpgradeCheck = 1400;
				TargetAttributes = {
					77CBB45C29014BF000A4D3B0 = {
						CreatedOnToolsVersion = 14.0.1;
					};
				};
			};
			buildConfigurationList = 77CBB45829014BF000A4D3B0 /* Build configuration list for PBXProject "MeditationTimer" */;
			compatibilityVersion = "Xcode 14.0";
			developmentRegion = en;
			hasScannedForEncodings = 0;
			knownRegions = (
				en,
				Base,
			);
			mainGroup = 77CBB45429014BF000A4D3B0;
			productRefGroup = 77CBB45E29014BF000A4D3B0 /* Products */;
			projectDirPath = "";
			projectRoot = "";
			targets = (
				77CBB45C29014BF000A4D3B0 /* MeditationTimer */,
			);
		};
/* End PBXProject section */

/* Begin PBXResourcesBuildPhase section */
		77CBB45B29014BF000A4D3B0 /* Resources */ = {
			isa = PBXResourcesBuildPhase;
			buildActionMask = 2147483647;
			files = (
				77CBB46D29014BF200A4D3B0 /* LaunchScreen.storyboard in Resources */,
				77CBB46A29014BF200A4D3B0 /* Assets.xcassets in Resources */,
			);
			runOnlyForDeploymentPostprocessing = 0;
		};
/* End PBXResourcesBuildPhase section */

/* Begin PBXSourcesBuildPhase section */
		77CBB45929014BF000A4D3B0 /* Sources */ = {
			isa = PBXSourcesBuildPhase;
			buildActionMask = 2147483647;
			files = (
				774B01DB2902F0AD00456853 /* SettingsViewController.swift in Sources */,
				774B01D729019DCF00456853 /* UIFont+CustomFont.swift in Sources */,
				7765D73329086A8900430F30 /* TimerTimesListViewController.swift in Sources */,
				7765D735290AE0E100430F30 /* SetTimerViewController.swift in Sources */,
				77CBB46529014BF000A4D3B0 /* ViewController.swift in Sources */,
				77CBB46129014BF000A4D3B0 /* AppDelegate.swift in Sources */,
				77CBB46329014BF000A4D3B0 /* SceneDelegate.swift in Sources */,
				775D49AA2906F54F00FE4A59 /* SetTheme.swift in Sources */,
				7765D737290B1CB700430F30 /* SettingsTableViewController.swift in Sources */,
			);
			runOnlyForDeploymentPostprocessing = 0;
		};
/* End PBXSourcesBuildPhase section */

/* Begin PBXVariantGroup section */
		77CBB46B29014BF200A4D3B0 /* LaunchScreen.storyboard */ = {
			isa = PBXVariantGroup;
			children = (
				77CBB46C29014BF200A4D3B0 /* Base */,
			);
			name = LaunchScreen.storyboard;
			sourceTree = "<group>";
		};
/* End PBXVariantGroup section */

/* Begin XCBuildConfiguration section */
		77CBB46F29014BF200A4D3B0 /* Debug */ = {
			isa = XCBuildConfiguration;
			buildSettings = {
				ALWAYS_SEARCH_USER_PATHS = NO;
				CLANG_ANALYZER_NONNULL = YES;
				CLANG_ANALYZER_NUMBER_OBJECT_CONVERSION = YES_AGGRESSIVE;
				CLANG_CXX_LANGUAGE_STANDARD = "gnu++20";
				CLANG_ENABLE_MODULES = YES;
				CLANG_ENABLE_OBJC_ARC = YES;
				CLANG_ENABLE_OBJC_WEAK = YES;
				CLANG_WARN_BLOCK_CAPTURE_AUTORELEASING = YES;
				CLANG_WARN_BOOL_CONVERSION = YES;
				CLANG_WARN_COMMA = YES;
				CLANG_WARN_CONSTANT_CONVERSION = YES;
				CLANG_WARN_DEPRECATED_OBJC_IMPLEMENTATIONS = YES;
				CLANG_WARN_DIRECT_OBJC_ISA_USAGE = YES_ERROR;
				CLANG_WARN_DOCUMENTATION_COMMENTS = YES;
				CLANG_WARN_EMPTY_BODY = YES;
				CLANG_WARN_ENUM_CONVERSION = YES;
				CLANG_WARN_INFINITE_RECURSION = YES;
				CLANG_WARN_INT_CONVERSION = YES;
				CLANG_WARN_NON_LITERAL_NULL_CONVERSION = YES;
				CLANG_WARN_OBJC_IMPLICIT_RETAIN_SELF = YES;
				CLANG_WARN_OBJC_LITERAL_CONVERSION = YES;
				CLANG_WARN_OBJC_ROOT_CLASS = YES_ERROR;
				CLANG_WARN_QUOTED_INCLUDE_IN_FRAMEWORK_HEADER = YES;
				CLANG_WARN_RANGE_LOOP_ANALYSIS = YES;
				CLANG_WARN_STRICT_PROTOTYPES = YES;
				CLANG_WARN_SUSPICIOUS_MOVE = YES;
				CLANG_WARN_UNGUARDED_AVAILABILITY = YES_AGGRESSIVE;
				CLANG_WARN_UNREACHABLE_CODE = YES;
				CLANG_WARN__DUPLICATE_METHOD_MATCH = YES;
				COPY_PHASE_STRIP = NO;
				DEBUG_INFORMATION_FORMAT = dwarf;
				ENABLE_STRICT_OBJC_MSGSEND = YES;
				ENABLE_TESTABILITY = YES;
				GCC_C_LANGUAGE_STANDARD = gnu11;
				GCC_DYNAMIC_NO_PIC = NO;
				GCC_NO_COMMON_BLOCKS = YES;
				GCC_OPTIMIZATION_LEVEL = 0;
				GCC_PREPROCESSOR_DEFINITIONS = (
					"DEBUG=1",
					"$(inherited)",
				);
				GCC_WARN_64_TO_32_BIT_CONVERSION = YES;
				GCC_WARN_ABOUT_RETURN_TYPE = YES_ERROR;
				GCC_WARN_UNDECLARED_SELECTOR = YES;
				GCC_WARN_UNINITIALIZED_AUTOS = YES_AGGRESSIVE;
				GCC_WARN_UNUSED_FUNCTION = YES;
				GCC_WARN_UNUSED_VARIABLE = YES;
				IPHONEOS_DEPLOYMENT_TARGET = 16.0;
				MTL_ENABLE_DEBUG_INFO = INCLUDE_SOURCE;
				MTL_FAST_MATH = YES;
				ONLY_ACTIVE_ARCH = YES;
				SDKROOT = iphoneos;
				SWIFT_ACTIVE_COMPILATION_CONDITIONS = DEBUG;
				SWIFT_OPTIMIZATION_LEVEL = "-Onone";
			};
			name = Debug;
		};
		77CBB47029014BF200A4D3B0 /* Release */ = {
			isa = XCBuildConfiguration;
			buildSettings = {
				ALWAYS_SEARCH_USER_PATHS = NO;
				CLANG_ANALYZER_NONNULL = YES;
				CLANG_ANALYZER_NUMBER_OBJECT_CONVERSION = YES_AGGRESSIVE;
				CLANG_CXX_LANGUAGE_STANDARD = "gnu++20";
				CLANG_ENABLE_MODULES = YES;
				CLANG_ENABLE_OBJC_ARC = YES;
				CLANG_ENABLE_OBJC_WEAK = YES;
				CLANG_WARN_BLOCK_CAPTURE_AUTORELEASING = YES;
				CLANG_WARN_BOOL_CONVERSION = YES;
				CLANG_WARN_COMMA = YES;
				CLANG_WARN_CONSTANT_CONVERSION = YES;
				CLANG_WARN_DEPRECATED_OBJC_IMPLEMENTATIONS = YES;
				CLANG_WARN_DIRECT_OBJC_ISA_USAGE = YES_ERROR;
				CLANG_WARN_DOCUMENTATION_COMMENTS = YES;
				CLANG_WARN_EMPTY_BODY = YES;
				CLANG_WARN_ENUM_CONVERSION = YES;
				CLANG_WARN_INFINITE_RECURSION = YES;
				CLANG_WARN_INT_CONVERSION = YES;
				CLANG_WARN_NON_LITERAL_NULL_CONVERSION = YES;
				CLANG_WARN_OBJC_IMPLICIT_RETAIN_SELF = YES;
				CLANG_WARN_OBJC_LITERAL_CONVERSION = YES;
				CLANG_WARN_OBJC_ROOT_CLASS = YES_ERROR;
				CLANG_WARN_QUOTED_INCLUDE_IN_FRAMEWORK_HEADER = YES;
				CLANG_WARN_RANGE_LOOP_ANALYSIS = YES;
				CLANG_WARN_STRICT_PROTOTYPES = YES;
				CLANG_WARN_SUSPICIOUS_MOVE = YES;
				CLANG_WARN_UNGUARDED_AVAILABILITY = YES_AGGRESSIVE;
				CLANG_WARN_UNREACHABLE_CODE = YES;
				CLANG_WARN__DUPLICATE_METHOD_MATCH = YES;
				COPY_PHASE_STRIP = NO;
				DEBUG_INFORMATION_FORMAT = "dwarf-with-dsym";
				ENABLE_NS_ASSERTIONS = NO;
				ENABLE_STRICT_OBJC_MSGSEND = YES;
				GCC_C_LANGUAGE_STANDARD = gnu11;
				GCC_NO_COMMON_BLOCKS = YES;
				GCC_WARN_64_TO_32_BIT_CONVERSION = YES;
				GCC_WARN_ABOUT_RETURN_TYPE = YES_ERROR;
				GCC_WARN_UNDECLARED_SELECTOR = YES;
				GCC_WARN_UNINITIALIZED_AUTOS = YES_AGGRESSIVE;
				GCC_WARN_UNUSED_FUNCTION = YES;
				GCC_WARN_UNUSED_VARIABLE = YES;
				IPHONEOS_DEPLOYMENT_TARGET = 16.0;
				MTL_ENABLE_DEBUG_INFO = NO;
				MTL_FAST_MATH = YES;
				SDKROOT = iphoneos;
				SWIFT_COMPILATION_MODE = wholemodule;
				SWIFT_OPTIMIZATION_LEVEL = "-O";
				VALIDATE_PRODUCT = YES;
			};
			name = Release;
		};
		77CBB47229014BF200A4D3B0 /* Debug */ = {
			isa = XCBuildConfiguration;
			buildSettings = {
				ASSETCATALOG_COMPILER_APPICON_NAME = AppIcon;
				ASSETCATALOG_COMPILER_GLOBAL_ACCENT_COLOR_NAME = AccentColor;
				CODE_SIGN_STYLE = Automatic;
				CURRENT_PROJECT_VERSION = 1;
				DEVELOPMENT_TEAM = 3FJCZ9R454;
				GENERATE_INFOPLIST_FILE = YES;
				INFOPLIST_FILE = MeditationTimer/Info.plist;
				INFOPLIST_KEY_UIApplicationSupportsIndirectInputEvents = YES;
				INFOPLIST_KEY_UILaunchStoryboardName = LaunchScreen;
				INFOPLIST_KEY_UISupportedInterfaceOrientations = UIInterfaceOrientationPortrait;
				INFOPLIST_KEY_UISupportedInterfaceOrientations_iPad = "UIInterfaceOrientationLandscapeLeft UIInterfaceOrientationLandscapeRight UIInterfaceOrientationPortrait UIInterfaceOrientationPortraitUpsideDown";
				LD_RUNPATH_SEARCH_PATHS = (
					"$(inherited)",
					"@executable_path/Frameworks",
				);
				MARKETING_VERSION = 1.0;
				PRODUCT_BUNDLE_IDENTIFIER = com.damiejohn.MeditationTimer;
				PRODUCT_NAME = "$(TARGET_NAME)";
				SWIFT_EMIT_LOC_STRINGS = YES;
				SWIFT_VERSION = 5.0;
				TARGETED_DEVICE_FAMILY = "1,2";
			};
			name = Debug;
		};
		77CBB47329014BF200A4D3B0 /* Release */ = {
			isa = XCBuildConfiguration;
			buildSettings = {
				ASSETCATALOG_COMPILER_APPICON_NAME = AppIcon;
				ASSETCATALOG_COMPILER_GLOBAL_ACCENT_COLOR_NAME = AccentColor;
				CODE_SIGN_STYLE = Automatic;
				CURRENT_PROJECT_VERSION = 1;
				DEVELOPMENT_TEAM = 3FJCZ9R454;
				GENERATE_INFOPLIST_FILE = YES;
				INFOPLIST_FILE = MeditationTimer/Info.plist;
				INFOPLIST_KEY_UIApplicationSupportsIndirectInputEvents = YES;
				INFOPLIST_KEY_UILaunchStoryboardName = LaunchScreen;
				INFOPLIST_KEY_UISupportedInterfaceOrientations = UIInterfaceOrientationPortrait;
				INFOPLIST_KEY_UISupportedInterfaceOrientations_iPad = "UIInterfaceOrientationLandscapeLeft UIInterfaceOrientationLandscapeRight UIInterfaceOrientationPortrait UIInterfaceOrientationPortraitUpsideDown";
				LD_RUNPATH_SEARCH_PATHS = (
					"$(inherited)",
					"@executable_path/Frameworks",
				);
				MARKETING_VERSION = 1.0;
				PRODUCT_BUNDLE_IDENTIFIER = com.damiejohn.MeditationTimer;
				PRODUCT_NAME = "$(TARGET_NAME)";
				SWIFT_EMIT_LOC_STRINGS = YES;
				SWIFT_VERSION = 5.0;
				TARGETED_DEVICE_FAMILY = "1,2";
			};
			name = Release;
		};
/* End XCBuildConfiguration section */

/* Begin XCConfigurationList section */
		77CBB45829014BF000A4D3B0 /* Build configuration list for PBXProject "MeditationTimer" */ = {
			isa = XCConfigurationList;
			buildConfigurations = (
				77CBB46F29014BF200A4D3B0 /* Debug */,
				77CBB47029014BF200A4D3B0 /* Release */,
			);
			defaultConfigurationIsVisible = 0;
			defaultConfigurationName = Release;
		};
		77CBB47129014BF200A4D3B0 /* Build configuration list for PBXNativeTarget "MeditationTimer" */ = {
			isa = XCConfigurationList;
			buildConfigurations = (
				77CBB47229014BF200A4D3B0 /* Debug */,
				77CBB47329014BF200A4D3B0 /* Release */,
			);
			defaultConfigurationIsVisible = 0;
			defaultConfigurationName = Release;
		};
/* End XCConfigurationList section */
	};
	rootObject = 77CBB45529014BF000A4D3B0 /* Project object */;
}
