// !$*UTF8*$!
{
	archiveVersion = 1;
	classes = {
	};
	objectVersion = 56;
	objects = {

/* Begin PBXBuildFile section */
		77220D47291D131A004D9F59 /* TimerTableViewCell.swift in Sources */ = {isa = PBXBuildFile; fileRef = 77220D46291D131A004D9F59 /* TimerTableViewCell.swift */; };
		77220D49291D13C7004D9F59 /* DimSwitchTableViewCell.swift in Sources */ = {isa = PBXBuildFile; fileRef = 77220D48291D13C7004D9F59 /* DimSwitchTableViewCell.swift */; };
		77220D4B291D67F8004D9F59 /* ModelSettings.swift in Sources */ = {isa = PBXBuildFile; fileRef = 77220D4A291D67F8004D9F59 /* ModelSettings.swift */; };
		77220D4D291D6F76004D9F59 /* CustomCellStyleParameters.swift in Sources */ = {isa = PBXBuildFile; fileRef = 77220D4C291D6F76004D9F59 /* CustomCellStyleParameters.swift */; };
		77220D4F2924DAAB004D9F59 /* AboutAuthorTableViewCell.swift in Sources */ = {isa = PBXBuildFile; fileRef = 77220D4E2924DAAB004D9F59 /* AboutAuthorTableViewCell.swift */; };
		77220D512924DBEB004D9F59 /* AboutAuthorViewController.swift in Sources */ = {isa = PBXBuildFile; fileRef = 77220D502924DBEB004D9F59 /* AboutAuthorViewController.swift */; };
		774B01D729019DCF00456853 /* UIFont+CustomFont.swift in Sources */ = {isa = PBXBuildFile; fileRef = 774B01D629019DCF00456853 /* UIFont+CustomFont.swift */; };
		775D49AA2906F54F00FE4A59 /* SetTheme.swift in Sources */ = {isa = PBXBuildFile; fileRef = 775D49A92906F54F00FE4A59 /* SetTheme.swift */; };
		7765D73329086A8900430F30 /* MainScreenTimersListViewController.swift in Sources */ = {isa = PBXBuildFile; fileRef = 7765D73229086A8900430F30 /* MainScreenTimersListViewController.swift */; };
		7765D735290AE0E100430F30 /* SetTimerViewController.swift in Sources */ = {isa = PBXBuildFile; fileRef = 7765D734290AE0E100430F30 /* SetTimerViewController.swift */; };
		7765D737290B1CB700430F30 /* SettingsTableViewController.swift in Sources */ = {isa = PBXBuildFile; fileRef = 7765D736290B1CB700430F30 /* SettingsTableViewController.swift */; };
		7765D73B290C6D7B00430F30 /* ModelTimer.swift in Sources */ = {isa = PBXBuildFile; fileRef = 7765D73A290C6D7B00430F30 /* ModelTimer.swift */; };
		7766EEA8292A7B6B009DCC3B /* ModelTrackUserResults.swift in Sources */ = {isa = PBXBuildFile; fileRef = 7766EEA7292A7B6B009DCC3B /* ModelTrackUserResults.swift */; };
		778ED2392911C09E00B5D4E5 /* Audio_my1.mp3 in Resources */ = {isa = PBXBuildFile; fileRef = 778ED21B2911C09D00B5D4E5 /* Audio_my1.mp3 */; };
		778ED23A2911C09E00B5D4E5 /* Audio_2.mp3 in Resources */ = {isa = PBXBuildFile; fileRef = 778ED21C2911C09D00B5D4E5 /* Audio_2.mp3 */; };
		778ED23B2911C09E00B5D4E5 /* Audio_13.mp3 in Resources */ = {isa = PBXBuildFile; fileRef = 778ED21D2911C09D00B5D4E5 /* Audio_13.mp3 */; };
		778ED23C2911C09E00B5D4E5 /* Audio_my6.mp3 in Resources */ = {isa = PBXBuildFile; fileRef = 778ED21E2911C09E00B5D4E5 /* Audio_my6.mp3 */; };
		778ED23D2911C09E00B5D4E5 /* Audio_15.mp3 in Resources */ = {isa = PBXBuildFile; fileRef = 778ED21F2911C09E00B5D4E5 /* Audio_15.mp3 */; };
		778ED23E2911C09E00B5D4E5 /* Audio_12.mp3 in Resources */ = {isa = PBXBuildFile; fileRef = 778ED2202911C09E00B5D4E5 /* Audio_12.mp3 */; };
		778ED23F2911C09E00B5D4E5 /* Audio_19.mp3 in Resources */ = {isa = PBXBuildFile; fileRef = 778ED2212911C09E00B5D4E5 /* Audio_19.mp3 */; };
		778ED2402911C09E00B5D4E5 /* Audio_4.mp3 in Resources */ = {isa = PBXBuildFile; fileRef = 778ED2222911C09E00B5D4E5 /* Audio_4.mp3 */; };
		778ED2412911C09E00B5D4E5 /* Audio_14.mp3 in Resources */ = {isa = PBXBuildFile; fileRef = 778ED2232911C09E00B5D4E5 /* Audio_14.mp3 */; };
		778ED2422911C09E00B5D4E5 /* Audio_11.mp3 in Resources */ = {isa = PBXBuildFile; fileRef = 778ED2242911C09E00B5D4E5 /* Audio_11.mp3 */; };
		778ED2432911C09E00B5D4E5 /* Audio_16.mp3 in Resources */ = {isa = PBXBuildFile; fileRef = 778ED2252911C09E00B5D4E5 /* Audio_16.mp3 */; };
		778ED2442911C09E00B5D4E5 /* Audio_my5.mp3 in Resources */ = {isa = PBXBuildFile; fileRef = 778ED2262911C09E00B5D4E5 /* Audio_my5.mp3 */; };
		778ED2452911C09E00B5D4E5 /* Audio_21.mp3 in Resources */ = {isa = PBXBuildFile; fileRef = 778ED2272911C09E00B5D4E5 /* Audio_21.mp3 */; };
		778ED2462911C09E00B5D4E5 /* Audio_23.mp3 in Resources */ = {isa = PBXBuildFile; fileRef = 778ED2282911C09E00B5D4E5 /* Audio_23.mp3 */; };
		778ED2472911C09E00B5D4E5 /* Audio_18.mp3 in Resources */ = {isa = PBXBuildFile; fileRef = 778ED2292911C09E00B5D4E5 /* Audio_18.mp3 */; };
		778ED2482911C09E00B5D4E5 /* Audio_20.mp3 in Resources */ = {isa = PBXBuildFile; fileRef = 778ED22A2911C09E00B5D4E5 /* Audio_20.mp3 */; };
		778ED2492911C09E00B5D4E5 /* Audio_0.mp3 in Resources */ = {isa = PBXBuildFile; fileRef = 778ED22B2911C09E00B5D4E5 /* Audio_0.mp3 */; };
		778ED24A2911C09E00B5D4E5 /* Audio_7.mp3 in Resources */ = {isa = PBXBuildFile; fileRef = 778ED22C2911C09E00B5D4E5 /* Audio_7.mp3 */; };
		778ED24B2911C09E00B5D4E5 /* Audio_17.mp3 in Resources */ = {isa = PBXBuildFile; fileRef = 778ED22D2911C09E00B5D4E5 /* Audio_17.mp3 */; };
		778ED24C2911C09E00B5D4E5 /* Audio_9.mp3 in Resources */ = {isa = PBXBuildFile; fileRef = 778ED22E2911C09E00B5D4E5 /* Audio_9.mp3 */; };
		778ED24D2911C09E00B5D4E5 /* Audio_8.mp3 in Resources */ = {isa = PBXBuildFile; fileRef = 778ED22F2911C09E00B5D4E5 /* Audio_8.mp3 */; };
		778ED24E2911C09E00B5D4E5 /* Audio_10.mp3 in Resources */ = {isa = PBXBuildFile; fileRef = 778ED2302911C09E00B5D4E5 /* Audio_10.mp3 */; };
		778ED24F2911C09E00B5D4E5 /* Audio_5.mp3 in Resources */ = {isa = PBXBuildFile; fileRef = 778ED2312911C09E00B5D4E5 /* Audio_5.mp3 */; };
		778ED2502911C09E00B5D4E5 /* Audio_22.mp3 in Resources */ = {isa = PBXBuildFile; fileRef = 778ED2322911C09E00B5D4E5 /* Audio_22.mp3 */; };
		778ED2512911C09E00B5D4E5 /* Audio_my3.mp3 in Resources */ = {isa = PBXBuildFile; fileRef = 778ED2332911C09E00B5D4E5 /* Audio_my3.mp3 */; };
		778ED2522911C09E00B5D4E5 /* Audio_6.mp3 in Resources */ = {isa = PBXBuildFile; fileRef = 778ED2342911C09E00B5D4E5 /* Audio_6.mp3 */; };
		778ED2532911C09E00B5D4E5 /* Audio_1.mp3 in Resources */ = {isa = PBXBuildFile; fileRef = 778ED2352911C09E00B5D4E5 /* Audio_1.mp3 */; };
		778ED2542911C09E00B5D4E5 /* Audio_my4.mp3 in Resources */ = {isa = PBXBuildFile; fileRef = 778ED2362911C09E00B5D4E5 /* Audio_my4.mp3 */; };
		778ED2552911C09E00B5D4E5 /* Audio_my2.mp3 in Resources */ = {isa = PBXBuildFile; fileRef = 778ED2372911C09E00B5D4E5 /* Audio_my2.mp3 */; };
		778ED2562911C09E00B5D4E5 /* Audio_3.mp3 in Resources */ = {isa = PBXBuildFile; fileRef = 778ED2382911C09E00B5D4E5 /* Audio_3.mp3 */; };
		77A6B211291690660055AA56 /* ResultsViewController.swift in Sources */ = {isa = PBXBuildFile; fileRef = 77A6B210291690660055AA56 /* ResultsViewController.swift */; };
		77CBB46129014BF000A4D3B0 /* AppDelegate.swift in Sources */ = {isa = PBXBuildFile; fileRef = 77CBB46029014BF000A4D3B0 /* AppDelegate.swift */; };
		77CBB46329014BF000A4D3B0 /* SceneDelegate.swift in Sources */ = {isa = PBXBuildFile; fileRef = 77CBB46229014BF000A4D3B0 /* SceneDelegate.swift */; };
		77CBB46529014BF000A4D3B0 /* MainScreen.swift in Sources */ = {isa = PBXBuildFile; fileRef = 77CBB46429014BF000A4D3B0 /* MainScreen.swift */; };
		77CBB46A29014BF200A4D3B0 /* Assets.xcassets in Resources */ = {isa = PBXBuildFile; fileRef = 77CBB46929014BF200A4D3B0 /* Assets.xcassets */; };
		77CBB46D29014BF200A4D3B0 /* LaunchScreen.storyboard in Resources */ = {isa = PBXBuildFile; fileRef = 77CBB46B29014BF200A4D3B0 /* LaunchScreen.storyboard */; };
		77DF9C1B290E70EE003F1443 /* DisplayFormatedTimeExtension.swift in Sources */ = {isa = PBXBuildFile; fileRef = 77DF9C1A290E70EE003F1443 /* DisplayFormatedTimeExtension.swift */; };
		77DF9C1E290F1EF6003F1443 /* ModelSound.swift in Sources */ = {isa = PBXBuildFile; fileRef = 77DF9C1D290F1EF6003F1443 /* ModelSound.swift */; };
		77DF9C25291069FE003F1443 /* SetSoundTableViewController.swift in Sources */ = {isa = PBXBuildFile; fileRef = 77DF9C24291069FE003F1443 /* SetSoundTableViewController.swift */; };
		77DF9C2729106A61003F1443 /* SoundPlayer.swift in Sources */ = {isa = PBXBuildFile; fileRef = 77DF9C2629106A61003F1443 /* SoundPlayer.swift */; };
/* End PBXBuildFile section */

/* Begin PBXFileReference section */
		77220D46291D131A004D9F59 /* TimerTableViewCell.swift */ = {isa = PBXFileReference; lastKnownFileType = sourcecode.swift; path = TimerTableViewCell.swift; sourceTree = "<group>"; };
		77220D48291D13C7004D9F59 /* DimSwitchTableViewCell.swift */ = {isa = PBXFileReference; lastKnownFileType = sourcecode.swift; path = DimSwitchTableViewCell.swift; sourceTree = "<group>"; };
		77220D4A291D67F8004D9F59 /* ModelSettings.swift */ = {isa = PBXFileReference; lastKnownFileType = sourcecode.swift; path = ModelSettings.swift; sourceTree = "<group>"; };
		77220D4C291D6F76004D9F59 /* CustomCellStyleParameters.swift */ = {isa = PBXFileReference; lastKnownFileType = sourcecode.swift; path = CustomCellStyleParameters.swift; sourceTree = "<group>"; };
		77220D4E2924DAAB004D9F59 /* AboutAuthorTableViewCell.swift */ = {isa = PBXFileReference; lastKnownFileType = sourcecode.swift; path = AboutAuthorTableViewCell.swift; sourceTree = "<group>"; };
		77220D502924DBEB004D9F59 /* AboutAuthorViewController.swift */ = {isa = PBXFileReference; lastKnownFileType = sourcecode.swift; path = AboutAuthorViewController.swift; sourceTree = "<group>"; };
		774B01D629019DCF00456853 /* UIFont+CustomFont.swift */ = {isa = PBXFileReference; lastKnownFileType = sourcecode.swift; path = "UIFont+CustomFont.swift"; sourceTree = "<group>"; };
		775D49A92906F54F00FE4A59 /* SetTheme.swift */ = {isa = PBXFileReference; lastKnownFileType = sourcecode.swift; path = SetTheme.swift; sourceTree = "<group>"; };
		7765D73229086A8900430F30 /* MainScreenTimersListViewController.swift */ = {isa = PBXFileReference; lastKnownFileType = sourcecode.swift; path = MainScreenTimersListViewController.swift; sourceTree = "<group>"; };
		7765D734290AE0E100430F30 /* SetTimerViewController.swift */ = {isa = PBXFileReference; lastKnownFileType = sourcecode.swift; path = SetTimerViewController.swift; sourceTree = "<group>"; };
		7765D736290B1CB700430F30 /* SettingsTableViewController.swift */ = {isa = PBXFileReference; lastKnownFileType = sourcecode.swift; path = SettingsTableViewController.swift; sourceTree = "<group>"; };
		7765D73A290C6D7B00430F30 /* ModelTimer.swift */ = {isa = PBXFileReference; lastKnownFileType = sourcecode.swift; path = ModelTimer.swift; sourceTree = "<group>"; };
		7766EEA7292A7B6B009DCC3B /* ModelTrackUserResults.swift */ = {isa = PBXFileReference; lastKnownFileType = sourcecode.swift; path = ModelTrackUserResults.swift; sourceTree = "<group>"; };
		778ED21B2911C09D00B5D4E5 /* Audio_my1.mp3 */ = {isa = PBXFileReference; lastKnownFileType = audio.mp3; path = Audio_my1.mp3; sourceTree = "<group>"; };
		778ED21C2911C09D00B5D4E5 /* Audio_2.mp3 */ = {isa = PBXFileReference; lastKnownFileType = audio.mp3; path = Audio_2.mp3; sourceTree = "<group>"; };
		778ED21D2911C09D00B5D4E5 /* Audio_13.mp3 */ = {isa = PBXFileReference; lastKnownFileType = audio.mp3; path = Audio_13.mp3; sourceTree = "<group>"; };
		778ED21E2911C09E00B5D4E5 /* Audio_my6.mp3 */ = {isa = PBXFileReference; lastKnownFileType = audio.mp3; path = Audio_my6.mp3; sourceTree = "<group>"; };
		778ED21F2911C09E00B5D4E5 /* Audio_15.mp3 */ = {isa = PBXFileReference; lastKnownFileType = audio.mp3; path = Audio_15.mp3; sourceTree = "<group>"; };
		778ED2202911C09E00B5D4E5 /* Audio_12.mp3 */ = {isa = PBXFileReference; lastKnownFileType = audio.mp3; path = Audio_12.mp3; sourceTree = "<group>"; };
		778ED2212911C09E00B5D4E5 /* Audio_19.mp3 */ = {isa = PBXFileReference; lastKnownFileType = audio.mp3; path = Audio_19.mp3; sourceTree = "<group>"; };
		778ED2222911C09E00B5D4E5 /* Audio_4.mp3 */ = {isa = PBXFileReference; lastKnownFileType = audio.mp3; path = Audio_4.mp3; sourceTree = "<group>"; };
		778ED2232911C09E00B5D4E5 /* Audio_14.mp3 */ = {isa = PBXFileReference; lastKnownFileType = audio.mp3; path = Audio_14.mp3; sourceTree = "<group>"; };
		778ED2242911C09E00B5D4E5 /* Audio_11.mp3 */ = {isa = PBXFileReference; lastKnownFileType = audio.mp3; path = Audio_11.mp3; sourceTree = "<group>"; };
		778ED2252911C09E00B5D4E5 /* Audio_16.mp3 */ = {isa = PBXFileReference; lastKnownFileType = audio.mp3; path = Audio_16.mp3; sourceTree = "<group>"; };
		778ED2262911C09E00B5D4E5 /* Audio_my5.mp3 */ = {isa = PBXFileReference; lastKnownFileType = audio.mp3; path = Audio_my5.mp3; sourceTree = "<group>"; };
		778ED2272911C09E00B5D4E5 /* Audio_21.mp3 */ = {isa = PBXFileReference; lastKnownFileType = audio.mp3; path = Audio_21.mp3; sourceTree = "<group>"; };
		778ED2282911C09E00B5D4E5 /* Audio_23.mp3 */ = {isa = PBXFileReference; lastKnownFileType = audio.mp3; path = Audio_23.mp3; sourceTree = "<group>"; };
		778ED2292911C09E00B5D4E5 /* Audio_18.mp3 */ = {isa = PBXFileReference; lastKnownFileType = audio.mp3; path = Audio_18.mp3; sourceTree = "<group>"; };
		778ED22A2911C09E00B5D4E5 /* Audio_20.mp3 */ = {isa = PBXFileReference; lastKnownFileType = audio.mp3; path = Audio_20.mp3; sourceTree = "<group>"; };
		778ED22B2911C09E00B5D4E5 /* Audio_0.mp3 */ = {isa = PBXFileReference; lastKnownFileType = audio.mp3; path = Audio_0.mp3; sourceTree = "<group>"; };
		778ED22C2911C09E00B5D4E5 /* Audio_7.mp3 */ = {isa = PBXFileReference; lastKnownFileType = audio.mp3; path = Audio_7.mp3; sourceTree = "<group>"; };
		778ED22D2911C09E00B5D4E5 /* Audio_17.mp3 */ = {isa = PBXFileReference; lastKnownFileType = audio.mp3; path = Audio_17.mp3; sourceTree = "<group>"; };
		778ED22E2911C09E00B5D4E5 /* Audio_9.mp3 */ = {isa = PBXFileReference; lastKnownFileType = audio.mp3; path = Audio_9.mp3; sourceTree = "<group>"; };
		778ED22F2911C09E00B5D4E5 /* Audio_8.mp3 */ = {isa = PBXFileReference; lastKnownFileType = audio.mp3; path = Audio_8.mp3; sourceTree = "<group>"; };
		778ED2302911C09E00B5D4E5 /* Audio_10.mp3 */ = {isa = PBXFileReference; lastKnownFileType = audio.mp3; path = Audio_10.mp3; sourceTree = "<group>"; };
		778ED2312911C09E00B5D4E5 /* Audio_5.mp3 */ = {isa = PBXFileReference; lastKnownFileType = audio.mp3; path = Audio_5.mp3; sourceTree = "<group>"; };
		778ED2322911C09E00B5D4E5 /* Audio_22.mp3 */ = {isa = PBXFileReference; lastKnownFileType = audio.mp3; path = Audio_22.mp3; sourceTree = "<group>"; };
		778ED2332911C09E00B5D4E5 /* Audio_my3.mp3 */ = {isa = PBXFileReference; lastKnownFileType = audio.mp3; path = Audio_my3.mp3; sourceTree = "<group>"; };
		778ED2342911C09E00B5D4E5 /* Audio_6.mp3 */ = {isa = PBXFileReference; lastKnownFileType = audio.mp3; path = Audio_6.mp3; sourceTree = "<group>"; };
		778ED2352911C09E00B5D4E5 /* Audio_1.mp3 */ = {isa = PBXFileReference; lastKnownFileType = audio.mp3; path = Audio_1.mp3; sourceTree = "<group>"; };
		778ED2362911C09E00B5D4E5 /* Audio_my4.mp3 */ = {isa = PBXFileReference; lastKnownFileType = audio.mp3; path = Audio_my4.mp3; sourceTree = "<group>"; };
		778ED2372911C09E00B5D4E5 /* Audio_my2.mp3 */ = {isa = PBXFileReference; lastKnownFileType = audio.mp3; path = Audio_my2.mp3; sourceTree = "<group>"; };
		778ED2382911C09E00B5D4E5 /* Audio_3.mp3 */ = {isa = PBXFileReference; lastKnownFileType = audio.mp3; path = Audio_3.mp3; sourceTree = "<group>"; };
		77A6B210291690660055AA56 /* ResultsViewController.swift */ = {isa = PBXFileReference; lastKnownFileType = sourcecode.swift; path = ResultsViewController.swift; sourceTree = "<group>"; };
		77A6B2122917CB210055AA56 /* MeditationTimer.entitlements */ = {isa = PBXFileReference; lastKnownFileType = text.plist.entitlements; path = MeditationTimer.entitlements; sourceTree = "<group>"; };
		77CBB45D29014BF000A4D3B0 /* MeditationTimer.app */ = {isa = PBXFileReference; explicitFileType = wrapper.application; includeInIndex = 0; path = MeditationTimer.app; sourceTree = BUILT_PRODUCTS_DIR; };
		77CBB46029014BF000A4D3B0 /* AppDelegate.swift */ = {isa = PBXFileReference; lastKnownFileType = sourcecode.swift; path = AppDelegate.swift; sourceTree = "<group>"; };
		77CBB46229014BF000A4D3B0 /* SceneDelegate.swift */ = {isa = PBXFileReference; lastKnownFileType = sourcecode.swift; path = SceneDelegate.swift; sourceTree = "<group>"; };
		77CBB46429014BF000A4D3B0 /* MainScreen.swift */ = {isa = PBXFileReference; lastKnownFileType = sourcecode.swift; path = MainScreen.swift; sourceTree = "<group>"; };
		77CBB46929014BF200A4D3B0 /* Assets.xcassets */ = {isa = PBXFileReference; lastKnownFileType = folder.assetcatalog; path = Assets.xcassets; sourceTree = "<group>"; };
		77CBB46C29014BF200A4D3B0 /* Base */ = {isa = PBXFileReference; lastKnownFileType = file.storyboard; name = Base; path = Base.lproj/LaunchScreen.storyboard; sourceTree = "<group>"; };
		77CBB46E29014BF200A4D3B0 /* Info.plist */ = {isa = PBXFileReference; lastKnownFileType = text.plist.xml; path = Info.plist; sourceTree = "<group>"; };
		77DF9C1A290E70EE003F1443 /* DisplayFormatedTimeExtension.swift */ = {isa = PBXFileReference; lastKnownFileType = sourcecode.swift; path = DisplayFormatedTimeExtension.swift; sourceTree = "<group>"; };
		77DF9C1D290F1EF6003F1443 /* ModelSound.swift */ = {isa = PBXFileReference; lastKnownFileType = sourcecode.swift; path = ModelSound.swift; sourceTree = "<group>"; };
		77DF9C24291069FE003F1443 /* SetSoundTableViewController.swift */ = {isa = PBXFileReference; lastKnownFileType = sourcecode.swift; path = SetSoundTableViewController.swift; sourceTree = "<group>"; };
		77DF9C2629106A61003F1443 /* SoundPlayer.swift */ = {isa = PBXFileReference; lastKnownFileType = sourcecode.swift; path = SoundPlayer.swift; sourceTree = "<group>"; };
/* End PBXFileReference section */

/* Begin PBXFrameworksBuildPhase section */
		77CBB45A29014BF000A4D3B0 /* Frameworks */ = {
			isa = PBXFrameworksBuildPhase;
			buildActionMask = 2147483647;
			files = (
			);
			runOnlyForDeploymentPostprocessing = 0;
		};
/* End PBXFrameworksBuildPhase section */

/* Begin PBXGroup section */
		77220D45291D12E9004D9F59 /* CustomCells */ = {
			isa = PBXGroup;
			children = (
				77220D4E2924DAAB004D9F59 /* AboutAuthorTableViewCell.swift */,
				77220D46291D131A004D9F59 /* TimerTableViewCell.swift */,
				77220D48291D13C7004D9F59 /* DimSwitchTableViewCell.swift */,
				77220D4C291D6F76004D9F59 /* CustomCellStyleParameters.swift */,
			);
			path = CustomCells;
			sourceTree = "<group>";
		};
		774B01DC2902FDF200456853 /* Settings */ = {
			isa = PBXGroup;
			children = (
				77220D45291D12E9004D9F59 /* CustomCells */,
				7765D734290AE0E100430F30 /* SetTimerViewController.swift */,
				7765D736290B1CB700430F30 /* SettingsTableViewController.swift */,
				77DF9C24291069FE003F1443 /* SetSoundTableViewController.swift */,
				77220D502924DBEB004D9F59 /* AboutAuthorViewController.swift */,
			);
			path = Settings;
			sourceTree = "<group>";
		};
		77CBB45429014BF000A4D3B0 = {
			isa = PBXGroup;
			children = (
				77CBB45F29014BF000A4D3B0 /* MeditationTimer */,
				77CBB45E29014BF000A4D3B0 /* Products */,
			);
			sourceTree = "<group>";
		};
		77CBB45E29014BF000A4D3B0 /* Products */ = {
			isa = PBXGroup;
			children = (
				77CBB45D29014BF000A4D3B0 /* MeditationTimer.app */,
			);
			name = Products;
			sourceTree = "<group>";
		};
		77CBB45F29014BF000A4D3B0 /* MeditationTimer */ = {
			isa = PBXGroup;
			children = (
				77A6B2122917CB210055AA56 /* MeditationTimer.entitlements */,
				77CBB46429014BF000A4D3B0 /* MainScreen.swift */,
				7765D73229086A8900430F30 /* MainScreenTimersListViewController.swift */,
				775D49A92906F54F00FE4A59 /* SetTheme.swift */,
				77A6B210291690660055AA56 /* ResultsViewController.swift */,
				77CBB46929014BF200A4D3B0 /* Assets.xcassets */,
				77DF9C1C290E74B6003F1443 /* Model */,
				77CBB47429014C9000A4D3B0 /* Supporting Files */,
				77CBB46E29014BF200A4D3B0 /* Info.plist */,
				774B01DC2902FDF200456853 /* Settings */,
				77DF9C1F290F22BF003F1443 /* Sounds */,
			);
			path = MeditationTimer;
			sourceTree = "<group>";
		};
		77CBB47429014C9000A4D3B0 /* Supporting Files */ = {
			isa = PBXGroup;
			children = (
				77CBB46029014BF000A4D3B0 /* AppDelegate.swift */,
				77CBB46229014BF000A4D3B0 /* SceneDelegate.swift */,
				77CBB46B29014BF200A4D3B0 /* LaunchScreen.storyboard */,
				774B01D629019DCF00456853 /* UIFont+CustomFont.swift */,
				77DF9C1A290E70EE003F1443 /* DisplayFormatedTimeExtension.swift */,
				77DF9C2629106A61003F1443 /* SoundPlayer.swift */,
			);
			path = "Supporting Files";
			sourceTree = "<group>";
		};
		77DF9C1C290E74B6003F1443 /* Model */ = {
			isa = PBXGroup;
			children = (
				7765D73A290C6D7B00430F30 /* ModelTimer.swift */,
				77DF9C1D290F1EF6003F1443 /* ModelSound.swift */,
				77220D4A291D67F8004D9F59 /* ModelSettings.swift */,
				7766EEA7292A7B6B009DCC3B /* ModelTrackUserResults.swift */,
			);
			path = Model;
			sourceTree = "<group>";
		};
		77DF9C1F290F22BF003F1443 /* Sounds */ = {
			isa = PBXGroup;
			children = (
				778ED22B2911C09E00B5D4E5 /* Audio_0.mp3 */,
				778ED2352911C09E00B5D4E5 /* Audio_1.mp3 */,
				778ED21C2911C09D00B5D4E5 /* Audio_2.mp3 */,
				778ED2382911C09E00B5D4E5 /* Audio_3.mp3 */,
				778ED2222911C09E00B5D4E5 /* Audio_4.mp3 */,
				778ED2312911C09E00B5D4E5 /* Audio_5.mp3 */,
				778ED2342911C09E00B5D4E5 /* Audio_6.mp3 */,
				778ED22C2911C09E00B5D4E5 /* Audio_7.mp3 */,
				778ED22F2911C09E00B5D4E5 /* Audio_8.mp3 */,
				778ED22E2911C09E00B5D4E5 /* Audio_9.mp3 */,
				778ED2302911C09E00B5D4E5 /* Audio_10.mp3 */,
				778ED2242911C09E00B5D4E5 /* Audio_11.mp3 */,
				778ED2202911C09E00B5D4E5 /* Audio_12.mp3 */,
				778ED21D2911C09D00B5D4E5 /* Audio_13.mp3 */,
				778ED2232911C09E00B5D4E5 /* Audio_14.mp3 */,
				778ED21F2911C09E00B5D4E5 /* Audio_15.mp3 */,
				778ED2252911C09E00B5D4E5 /* Audio_16.mp3 */,
				778ED22D2911C09E00B5D4E5 /* Audio_17.mp3 */,
				778ED2292911C09E00B5D4E5 /* Audio_18.mp3 */,
				778ED2212911C09E00B5D4E5 /* Audio_19.mp3 */,
				778ED22A2911C09E00B5D4E5 /* Audio_20.mp3 */,
				778ED2272911C09E00B5D4E5 /* Audio_21.mp3 */,
				778ED2322911C09E00B5D4E5 /* Audio_22.mp3 */,
				778ED2282911C09E00B5D4E5 /* Audio_23.mp3 */,
				778ED21B2911C09D00B5D4E5 /* Audio_my1.mp3 */,
				778ED2372911C09E00B5D4E5 /* Audio_my2.mp3 */,
				778ED2332911C09E00B5D4E5 /* Audio_my3.mp3 */,
				778ED2362911C09E00B5D4E5 /* Audio_my4.mp3 */,
				778ED2262911C09E00B5D4E5 /* Audio_my5.mp3 */,
				778ED21E2911C09E00B5D4E5 /* Audio_my6.mp3 */,
			);
			path = Sounds;
			sourceTree = "<group>";
		};
/* End PBXGroup section */

/* Begin PBXNativeTarget section */
		77CBB45C29014BF000A4D3B0 /* MeditationTimer */ = {
			isa = PBXNativeTarget;
			buildConfigurationList = 77CBB47129014BF200A4D3B0 /* Build configuration list for PBXNativeTarget "MeditationTimer" */;
			buildPhases = (
				77CBB45929014BF000A4D3B0 /* Sources */,
				77CBB45A29014BF000A4D3B0 /* Frameworks */,
				77CBB45B29014BF000A4D3B0 /* Resources */,
			);
			buildRules = (
			);
			dependencies = (
			);
			name = MeditationTimer;
			productName = MeditationTimer;
			productReference = 77CBB45D29014BF000A4D3B0 /* MeditationTimer.app */;
			productType = "com.apple.product-type.application";
		};
/* End PBXNativeTarget section */

/* Begin PBXProject section */
		77CBB45529014BF000A4D3B0 /* Project object */ = {
			isa = PBXProject;
			attributes = {
				BuildIndependentTargetsInParallel = 1;
				LastSwiftUpdateCheck = 1400;
				LastUpgradeCheck = 1400;
				TargetAttributes = {
					77CBB45C29014BF000A4D3B0 = {
						CreatedOnToolsVersion = 14.0.1;
					};
				};
			};
			buildConfigurationList = 77CBB45829014BF000A4D3B0 /* Build configuration list for PBXProject "MeditationTimer" */;
			compatibilityVersion = "Xcode 14.0";
			developmentRegion = en;
			hasScannedForEncodings = 0;
			knownRegions = (
				en,
				Base,
			);
			mainGroup = 77CBB45429014BF000A4D3B0;
			productRefGroup = 77CBB45E29014BF000A4D3B0 /* Products */;
			projectDirPath = "";
			projectRoot = "";
			targets = (
				77CBB45C29014BF000A4D3B0 /* MeditationTimer */,
			);
		};
/* End PBXProject section */

/* Begin PBXResourcesBuildPhase section */
		77CBB45B29014BF000A4D3B0 /* Resources */ = {
			isa = PBXResourcesBuildPhase;
			buildActionMask = 2147483647;
			files = (
				778ED2462911C09E00B5D4E5 /* Audio_23.mp3 in Resources */,
				778ED23F2911C09E00B5D4E5 /* Audio_19.mp3 in Resources */,
				778ED23A2911C09E00B5D4E5 /* Audio_2.mp3 in Resources */,
				778ED2402911C09E00B5D4E5 /* Audio_4.mp3 in Resources */,
				778ED2522911C09E00B5D4E5 /* Audio_6.mp3 in Resources */,
				778ED2452911C09E00B5D4E5 /* Audio_21.mp3 in Resources */,
				778ED2492911C09E00B5D4E5 /* Audio_0.mp3 in Resources */,
				77CBB46D29014BF200A4D3B0 /* LaunchScreen.storyboard in Resources */,
				778ED2412911C09E00B5D4E5 /* Audio_14.mp3 in Resources */,
				778ED23C2911C09E00B5D4E5 /* Audio_my6.mp3 in Resources */,
				778ED24B2911C09E00B5D4E5 /* Audio_17.mp3 in Resources */,
				778ED24A2911C09E00B5D4E5 /* Audio_7.mp3 in Resources */,
				778ED23D2911C09E00B5D4E5 /* Audio_15.mp3 in Resources */,
				778ED2562911C09E00B5D4E5 /* Audio_3.mp3 in Resources */,
				778ED24E2911C09E00B5D4E5 /* Audio_10.mp3 in Resources */,
				778ED2542911C09E00B5D4E5 /* Audio_my4.mp3 in Resources */,
				778ED2482911C09E00B5D4E5 /* Audio_20.mp3 in Resources */,
				77CBB46A29014BF200A4D3B0 /* Assets.xcassets in Resources */,
				778ED2552911C09E00B5D4E5 /* Audio_my2.mp3 in Resources */,
				778ED2532911C09E00B5D4E5 /* Audio_1.mp3 in Resources */,
				778ED2502911C09E00B5D4E5 /* Audio_22.mp3 in Resources */,
				778ED23B2911C09E00B5D4E5 /* Audio_13.mp3 in Resources */,
				778ED2432911C09E00B5D4E5 /* Audio_16.mp3 in Resources */,
				778ED2472911C09E00B5D4E5 /* Audio_18.mp3 in Resources */,
				778ED24D2911C09E00B5D4E5 /* Audio_8.mp3 in Resources */,
				778ED24C2911C09E00B5D4E5 /* Audio_9.mp3 in Resources */,
				778ED2422911C09E00B5D4E5 /* Audio_11.mp3 in Resources */,
				778ED24F2911C09E00B5D4E5 /* Audio_5.mp3 in Resources */,
				778ED23E2911C09E00B5D4E5 /* Audio_12.mp3 in Resources */,
				778ED2392911C09E00B5D4E5 /* Audio_my1.mp3 in Resources */,
				778ED2442911C09E00B5D4E5 /* Audio_my5.mp3 in Resources */,
				778ED2512911C09E00B5D4E5 /* Audio_my3.mp3 in Resources */,
			);
			runOnlyForDeploymentPostprocessing = 0;
		};
/* End PBXResourcesBuildPhase section */

/* Begin PBXSourcesBuildPhase section */
		77CBB45929014BF000A4D3B0 /* Sources */ = {
			isa = PBXSourcesBuildPhase;
			buildActionMask = 2147483647;
			files = (
				77DF9C2729106A61003F1443 /* SoundPlayer.swift in Sources */,
				774B01D729019DCF00456853 /* UIFont+CustomFont.swift in Sources */,
				77220D47291D131A004D9F59 /* TimerTableViewCell.swift in Sources */,
				77DF9C1B290E70EE003F1443 /* DisplayFormatedTimeExtension.swift in Sources */,
				77A6B211291690660055AA56 /* ResultsViewController.swift in Sources */,
				7765D73B290C6D7B00430F30 /* ModelTimer.swift in Sources */,
				77220D49291D13C7004D9F59 /* DimSwitchTableViewCell.swift in Sources */,
				7765D73329086A8900430F30 /* MainScreenTimersListViewController.swift in Sources */,
				7765D735290AE0E100430F30 /* SetTimerViewController.swift in Sources */,
				77CBB46529014BF000A4D3B0 /* MainScreen.swift in Sources */,
				77CBB46129014BF000A4D3B0 /* AppDelegate.swift in Sources */,
				77CBB46329014BF000A4D3B0 /* SceneDelegate.swift in Sources */,
				77220D4B291D67F8004D9F59 /* ModelSettings.swift in Sources */,
				77DF9C25291069FE003F1443 /* SetSoundTableViewController.swift in Sources */,
				77220D4D291D6F76004D9F59 /* CustomCellStyleParameters.swift in Sources */,
				77DF9C1E290F1EF6003F1443 /* ModelSound.swift in Sources */,
				77220D4F2924DAAB004D9F59 /* AboutAuthorTableViewCell.swift in Sources */,
				7766EEA8292A7B6B009DCC3B /* ModelTrackUserResults.swift in Sources */,
				775D49AA2906F54F00FE4A59 /* SetTheme.swift in Sources */,
				7765D737290B1CB700430F30 /* SettingsTableViewController.swift in Sources */,
				77220D512924DBEB004D9F59 /* AboutAuthorViewController.swift in Sources */,
			);
			runOnlyForDeploymentPostprocessing = 0;
		};
/* End PBXSourcesBuildPhase section */

/* Begin PBXVariantGroup section */
		77CBB46B29014BF200A4D3B0 /* LaunchScreen.storyboard */ = {
			isa = PBXVariantGroup;
			children = (
				77CBB46C29014BF200A4D3B0 /* Base */,
			);
			name = LaunchScreen.storyboard;
			sourceTree = "<group>";
		};
/* End PBXVariantGroup section */

/* Begin XCBuildConfiguration section */
		77CBB46F29014BF200A4D3B0 /* Debug */ = {
			isa = XCBuildConfiguration;
			buildSettings = {
				ALWAYS_SEARCH_USER_PATHS = NO;
				CLANG_ANALYZER_NONNULL = YES;
				CLANG_ANALYZER_NUMBER_OBJECT_CONVERSION = YES_AGGRESSIVE;
				CLANG_CXX_LANGUAGE_STANDARD = "gnu++20";
				CLANG_ENABLE_MODULES = YES;
				CLANG_ENABLE_OBJC_ARC = YES;
				CLANG_ENABLE_OBJC_WEAK = YES;
				CLANG_WARN_BLOCK_CAPTURE_AUTORELEASING = YES;
				CLANG_WARN_BOOL_CONVERSION = YES;
				CLANG_WARN_COMMA = YES;
				CLANG_WARN_CONSTANT_CONVERSION = YES;
				CLANG_WARN_DEPRECATED_OBJC_IMPLEMENTATIONS = YES;
				CLANG_WARN_DIRECT_OBJC_ISA_USAGE = YES_ERROR;
				CLANG_WARN_DOCUMENTATION_COMMENTS = YES;
				CLANG_WARN_EMPTY_BODY = YES;
				CLANG_WARN_ENUM_CONVERSION = YES;
				CLANG_WARN_INFINITE_RECURSION = YES;
				CLANG_WARN_INT_CONVERSION = YES;
				CLANG_WARN_NON_LITERAL_NULL_CONVERSION = YES;
				CLANG_WARN_OBJC_IMPLICIT_RETAIN_SELF = YES;
				CLANG_WARN_OBJC_LITERAL_CONVERSION = YES;
				CLANG_WARN_OBJC_ROOT_CLASS = YES_ERROR;
				CLANG_WARN_QUOTED_INCLUDE_IN_FRAMEWORK_HEADER = YES;
				CLANG_WARN_RANGE_LOOP_ANALYSIS = YES;
				CLANG_WARN_STRICT_PROTOTYPES = YES;
				CLANG_WARN_SUSPICIOUS_MOVE = YES;
				CLANG_WARN_UNGUARDED_AVAILABILITY = YES_AGGRESSIVE;
				CLANG_WARN_UNREACHABLE_CODE = YES;
				CLANG_WARN__DUPLICATE_METHOD_MATCH = YES;
				COPY_PHASE_STRIP = NO;
				DEBUG_INFORMATION_FORMAT = dwarf;
				ENABLE_STRICT_OBJC_MSGSEND = YES;
				ENABLE_TESTABILITY = YES;
				GCC_C_LANGUAGE_STANDARD = gnu11;
				GCC_DYNAMIC_NO_PIC = NO;
				GCC_NO_COMMON_BLOCKS = YES;
				GCC_OPTIMIZATION_LEVEL = 0;
				GCC_PREPROCESSOR_DEFINITIONS = (
					"DEBUG=1",
					"$(inherited)",
				);
				GCC_WARN_64_TO_32_BIT_CONVERSION = YES;
				GCC_WARN_ABOUT_RETURN_TYPE = YES_ERROR;
				GCC_WARN_UNDECLARED_SELECTOR = YES;
				GCC_WARN_UNINITIALIZED_AUTOS = YES_AGGRESSIVE;
				GCC_WARN_UNUSED_FUNCTION = YES;
				GCC_WARN_UNUSED_VARIABLE = YES;
				IPHONEOS_DEPLOYMENT_TARGET = 16.0;
				MTL_ENABLE_DEBUG_INFO = INCLUDE_SOURCE;
				MTL_FAST_MATH = YES;
				ONLY_ACTIVE_ARCH = YES;
				SDKROOT = iphoneos;
				SWIFT_ACTIVE_COMPILATION_CONDITIONS = DEBUG;
				SWIFT_OPTIMIZATION_LEVEL = "-Onone";
			};
			name = Debug;
		};
		77CBB47029014BF200A4D3B0 /* Release */ = {
			isa = XCBuildConfiguration;
			buildSettings = {
				ALWAYS_SEARCH_USER_PATHS = NO;
				CLANG_ANALYZER_NONNULL = YES;
				CLANG_ANALYZER_NUMBER_OBJECT_CONVERSION = YES_AGGRESSIVE;
				CLANG_CXX_LANGUAGE_STANDARD = "gnu++20";
				CLANG_ENABLE_MODULES = YES;
				CLANG_ENABLE_OBJC_ARC = YES;
				CLANG_ENABLE_OBJC_WEAK = YES;
				CLANG_WARN_BLOCK_CAPTURE_AUTORELEASING = YES;
				CLANG_WARN_BOOL_CONVERSION = YES;
				CLANG_WARN_COMMA = YES;
				CLANG_WARN_CONSTANT_CONVERSION = YES;
				CLANG_WARN_DEPRECATED_OBJC_IMPLEMENTATIONS = YES;
				CLANG_WARN_DIRECT_OBJC_ISA_USAGE = YES_ERROR;
				CLANG_WARN_DOCUMENTATION_COMMENTS = YES;
				CLANG_WARN_EMPTY_BODY = YES;
				CLANG_WARN_ENUM_CONVERSION = YES;
				CLANG_WARN_INFINITE_RECURSION = YES;
				CLANG_WARN_INT_CONVERSION = YES;
				CLANG_WARN_NON_LITERAL_NULL_CONVERSION = YES;
				CLANG_WARN_OBJC_IMPLICIT_RETAIN_SELF = YES;
				CLANG_WARN_OBJC_LITERAL_CONVERSION = YES;
				CLANG_WARN_OBJC_ROOT_CLASS = YES_ERROR;
				CLANG_WARN_QUOTED_INCLUDE_IN_FRAMEWORK_HEADER = YES;
				CLANG_WARN_RANGE_LOOP_ANALYSIS = YES;
				CLANG_WARN_STRICT_PROTOTYPES = YES;
				CLANG_WARN_SUSPICIOUS_MOVE = YES;
				CLANG_WARN_UNGUARDED_AVAILABILITY = YES_AGGRESSIVE;
				CLANG_WARN_UNREACHABLE_CODE = YES;
				CLANG_WARN__DUPLICATE_METHOD_MATCH = YES;
				COPY_PHASE_STRIP = NO;
				DEBUG_INFORMATION_FORMAT = "dwarf-with-dsym";
				ENABLE_NS_ASSERTIONS = NO;
				ENABLE_STRICT_OBJC_MSGSEND = YES;
				GCC_C_LANGUAGE_STANDARD = gnu11;
				GCC_NO_COMMON_BLOCKS = YES;
				GCC_WARN_64_TO_32_BIT_CONVERSION = YES;
				GCC_WARN_ABOUT_RETURN_TYPE = YES_ERROR;
				GCC_WARN_UNDECLARED_SELECTOR = YES;
				GCC_WARN_UNINITIALIZED_AUTOS = YES_AGGRESSIVE;
				GCC_WARN_UNUSED_FUNCTION = YES;
				GCC_WARN_UNUSED_VARIABLE = YES;
				IPHONEOS_DEPLOYMENT_TARGET = 16.0;
				MTL_ENABLE_DEBUG_INFO = NO;
				MTL_FAST_MATH = YES;
				SDKROOT = iphoneos;
				SWIFT_COMPILATION_MODE = wholemodule;
				SWIFT_OPTIMIZATION_LEVEL = "-O";
				VALIDATE_PRODUCT = YES;
			};
			name = Release;
		};
		77CBB47229014BF200A4D3B0 /* Debug */ = {
			isa = XCBuildConfiguration;
			buildSettings = {
				ASSETCATALOG_COMPILER_APPICON_NAME = AppIcon;
				ASSETCATALOG_COMPILER_GLOBAL_ACCENT_COLOR_NAME = AccentColor;
				CODE_SIGN_ENTITLEMENTS = MeditationTimer/MeditationTimer.entitlements;
				CODE_SIGN_STYLE = Automatic;
				CURRENT_PROJECT_VERSION = 1;
				DEVELOPMENT_TEAM = 3FJCZ9R454;
				GENERATE_INFOPLIST_FILE = YES;
				INFOPLIST_FILE = MeditationTimer/Info.plist;
				INFOPLIST_KEY_LSApplicationCategoryType = "public.app-category.healthcare-fitness";
				INFOPLIST_KEY_UIApplicationSupportsIndirectInputEvents = YES;
				INFOPLIST_KEY_UILaunchStoryboardName = LaunchScreen;
				INFOPLIST_KEY_UISupportedInterfaceOrientations = UIInterfaceOrientationPortrait;
				INFOPLIST_KEY_UISupportedInterfaceOrientations_iPad = "UIInterfaceOrientationLandscapeLeft UIInterfaceOrientationLandscapeRight UIInterfaceOrientationPortrait UIInterfaceOrientationPortraitUpsideDown";
				LD_RUNPATH_SEARCH_PATHS = (
					"$(inherited)",
					"@executable_path/Frameworks",
				);
				MARKETING_VERSION = 1.0;
				PRODUCT_BUNDLE_IDENTIFIER = com.damiejohn.MeditationTimer;
				PRODUCT_NAME = "$(TARGET_NAME)";
				SWIFT_EMIT_LOC_STRINGS = YES;
				SWIFT_VERSION = 5.0;
				TARGETED_DEVICE_FAMILY = "1,2";
			};
			name = Debug;
		};
		77CBB47329014BF200A4D3B0 /* Release */ = {
			isa = XCBuildConfiguration;
			buildSettings = {
				ASSETCATALOG_COMPILER_APPICON_NAME = AppIcon;
				ASSETCATALOG_COMPILER_GLOBAL_ACCENT_COLOR_NAME = AccentColor;
				CODE_SIGN_ENTITLEMENTS = MeditationTimer/MeditationTimer.entitlements;
				CODE_SIGN_STYLE = Automatic;
				CURRENT_PROJECT_VERSION = 1;
				DEVELOPMENT_TEAM = 3FJCZ9R454;
				GENERATE_INFOPLIST_FILE = YES;
				INFOPLIST_FILE = MeditationTimer/Info.plist;
				INFOPLIST_KEY_LSApplicationCategoryType = "public.app-category.healthcare-fitness";
				INFOPLIST_KEY_UIApplicationSupportsIndirectInputEvents = YES;
				INFOPLIST_KEY_UILaunchStoryboardName = LaunchScreen;
				INFOPLIST_KEY_UISupportedInterfaceOrientations = UIInterfaceOrientationPortrait;
				INFOPLIST_KEY_UISupportedInterfaceOrientations_iPad = "UIInterfaceOrientationLandscapeLeft UIInterfaceOrientationLandscapeRight UIInterfaceOrientationPortrait UIInterfaceOrientationPortraitUpsideDown";
				LD_RUNPATH_SEARCH_PATHS = (
					"$(inherited)",
					"@executable_path/Frameworks",
				);
				MARKETING_VERSION = 1.0;
				PRODUCT_BUNDLE_IDENTIFIER = com.damiejohn.MeditationTimer;
				PRODUCT_NAME = "$(TARGET_NAME)";
				SWIFT_EMIT_LOC_STRINGS = YES;
				SWIFT_VERSION = 5.0;
				TARGETED_DEVICE_FAMILY = "1,2";
			};
			name = Release;
		};
/* End XCBuildConfiguration section */

/* Begin XCConfigurationList section */
		77CBB45829014BF000A4D3B0 /* Build configuration list for PBXProject "MeditationTimer" */ = {
			isa = XCConfigurationList;
			buildConfigurations = (
				77CBB46F29014BF200A4D3B0 /* Debug */,
				77CBB47029014BF200A4D3B0 /* Release */,
			);
			defaultConfigurationIsVisible = 0;
			defaultConfigurationName = Release;
		};
		77CBB47129014BF200A4D3B0 /* Build configuration list for PBXNativeTarget "MeditationTimer" */ = {
			isa = XCConfigurationList;
			buildConfigurations = (
				77CBB47229014BF200A4D3B0 /* Debug */,
				77CBB47329014BF200A4D3B0 /* Release */,
			);
			defaultConfigurationIsVisible = 0;
			defaultConfigurationName = Release;
		};
/* End XCConfigurationList section */
	};
	rootObject = 77CBB45529014BF000A4D3B0 /* Project object */;
}
